{
  "name": "Udacity P4",
  "lockfileVersion": 3,
  "requires": true,
  "packages": {
    "": {
      "dependencies": {
        "typescript-logger": "^5.0.1"
      }
    },
    "node_modules/typescript-logger": {
      "version": "5.0.1",
      "resolved": "https://registry.npmjs.org/typescript-logger/-/typescript-logger-5.0.1.tgz",
      "integrity": "sha512-914r9KOFRqw9yRoTNRrs9sWY+EtENKOMcXrsCm6p08S9s9FmsYXB5le27lhzWe7OtcH/pL2aP5WcDWkuNmHF1g=="
    }
  }
}
